# Generated by conda-lock.
# platform: linux-aarch64
# input_hash: d3565670861cf0ca1b4beb99aad957f62ad761eab574f11930a9f60085a3ffbb
@EXPLICIT
https://conda.anaconda.org/conda-forge/linux-aarch64/ca-certificates-2021.10.8-h4fd8a4c_0.tar.bz2#ad855209fcca3b45da677d409b16e021
https://conda.anaconda.org/conda-forge/linux-aarch64/ld_impl_linux-aarch64-2.36.1-h02ad14f_2.tar.bz2#3ca1a8e406eab04ffc3bfa6e8ac0a724
https://conda.anaconda.org/conda-forge/linux-aarch64/libgomp-11.2.0-hf1cc4e7_11.tar.bz2#5bb54faec2b8cca78a6ad95692416368
https://conda.anaconda.org/conda-forge/linux-aarch64/libstdcxx-ng-11.2.0-h0d0a5bb_11.tar.bz2#acfdfafa085b2bb37f9edc70efce70f3
https://conda.anaconda.org/conda-forge/noarch/tzdata-2021e-he74cb21_0.tar.bz2#a751ec502589ebdc2eceb183ff602569
https://conda.anaconda.org/conda-forge/linux-aarch64/_openmp_mutex-4.5-1_gnu.tar.bz2#d029b13a6c638f91c9db96a991ac56f0
https://conda.anaconda.org/conda-forge/linux-aarch64/libgcc-ng-11.2.0-hf1cc4e7_11.tar.bz2#85aa12ad8f2d27267e8d20387cde5f56
https://conda.anaconda.org/conda-forge/linux-aarch64/expat-2.4.3-h3621d8e_0.tar.bz2#8ac20421075b78506582d583af5d10f4
https://conda.anaconda.org/conda-forge/linux-aarch64/libffi-3.4.2-h3557bc0_5.tar.bz2#dddd85f4d52121fab0a8b099c5e06501
https://conda.anaconda.org/conda-forge/linux-aarch64/libiconv-1.16-h6dd45c4_0.tar.bz2#ddf5f3b177dde259a682f1820110b238
https://conda.anaconda.org/conda-forge/linux-aarch64/libnsl-2.0.0-hf897c2e_0.tar.bz2#36fdbc05c9d9145ece86f5a63c3f352e
https://conda.anaconda.org/conda-forge/linux-aarch64/libzlib-1.2.11-hb9de7d4_1013.tar.bz2#8da01d8d112058433902f24c753f5190
https://conda.anaconda.org/conda-forge/linux-aarch64/ncurses-6.3-h01db608_0.tar.bz2#c791f8ce7e66da3e5ccd22470ada6ccf
https://conda.anaconda.org/conda-forge/linux-aarch64/openssl-1.1.1l-hf897c2e_0.tar.bz2#c63d90652f46d4b1c1b9da23716ed4a7
https://conda.anaconda.org/conda-forge/linux-aarch64/pcre-8.45-h01db608_0.tar.bz2#3963d9f84749d6cdba1f12c65967ccd1
https://conda.anaconda.org/conda-forge/linux-aarch64/xz-5.2.5-h6dd45c4_1.tar.bz2#9da6f161d0f47f8a29fa708cda8deda2
https://conda.anaconda.org/conda-forge/linux-aarch64/gettext-0.19.8.1-h6edf1e2_1008.tar.bz2#dfa5dd485c72e4085b51c3bad2f2d584
https://conda.anaconda.org/conda-forge/linux-aarch64/readline-8.1-h1a49cc3_0.tar.bz2#ccd3c3e1bde615ec934282f3481a1ede
https://conda.anaconda.org/conda-forge/linux-aarch64/zlib-1.2.11-hb9de7d4_1013.tar.bz2#7528dd959ebfdf9b73e3ffa79356e114
https://conda.anaconda.org/conda-forge/linux-aarch64/libglib-2.70.2-hde3fb6c_1.tar.bz2#fc4398b4a296cdb07ce4009935772223
https://conda.anaconda.org/conda-forge/linux-aarch64/sqlite-3.37.0-hc164836_0.tar.bz2#81077a2ca51dfd8183f842e5b337e62a
https://conda.anaconda.org/conda-forge/linux-aarch64/tk-8.6.11-hd8af866_1.tar.bz2#cc8cda6010e7f6ba67ed22079781ffe7
https://conda.anaconda.org/conda-forge/linux-aarch64/dbus-1.13.6-h12b9eeb_3.tar.bz2#f3d63805602166bac09386741e00935e
https://conda.anaconda.org/conda-forge/linux-aarch64/python-3.9.7-h9f07fca_4_cpython.tar.bz2#ca2e5d4c208e36bd63d949fac066f27f
https://conda.anaconda.org/conda-forge/noarch/appdirs-1.4.4-pyh9f0ad1d_0.tar.bz2#5f095bc6454094e96f146491fd03633b
https://conda.anaconda.org/conda-forge/noarch/attrs-21.4.0-pyhd8ed1ab_0.tar.bz2#f70280205d7044c8b8358c8de3190e5d
https://conda.anaconda.org/conda-forge/noarch/cachy-0.3.0-py_0.tar.bz2#808c46dc56ae4a796830129aaf1b51ec
https://conda.anaconda.org/conda-forge/noarch/charset-normalizer-2.0.10-pyhd8ed1ab_0.tar.bz2#ea77236c8031cfa821720b21b4cb0ceb
https://conda.anaconda.org/conda-forge/noarch/crashtest-0.3.0-py_0.tar.bz2#156649e34f14a76113312d5bcab3dd6c
https://conda.anaconda.org/conda-forge/noarch/distlib-0.3.4-pyhd8ed1ab_0.tar.bz2#7b50d840543d9cdae100e91582c33035
https://conda.anaconda.org/conda-forge/noarch/filelock-3.4.2-pyhd8ed1ab_1.tar.bz2#d3f5797d3f9625c64860c93fc4359e64
https://conda.anaconda.org/conda-forge/noarch/idna-3.3-pyhd8ed1ab_0.tar.bz2#40b50b8b030f5f2f22085c062ed013dd
https://conda.anaconda.org/conda-forge/noarch/jeepney-0.7.1-pyhd8ed1ab_0.tar.bz2#45f08d18f76b2c6ccefbccb0d5708b4a
https://conda.anaconda.org/conda-forge/noarch/lockfile-0.12.2-py_1.tar.bz2#c104d98e09c47519950cffb8dd5b4f10
https://conda.anaconda.org/conda-forge/noarch/pastel-0.2.1-pyhd8ed1ab_0.tar.bz2#a4eea5bff523f26442405bc5d1f52adb
https://conda.anaconda.org/conda-forge/noarch/pkginfo-1.8.2-pyhd8ed1ab_0.tar.bz2#c776a1cd5745674c28c20a5498cafa89
https://conda.anaconda.org/conda-forge/noarch/ptyprocess-0.7.0-pyhd3deb0d_0.tar.bz2#359eeb6536da0e687af562ed265ec263
https://conda.anaconda.org/conda-forge/noarch/pycparser-2.21-pyhd8ed1ab_0.tar.bz2#076becd9e05608f8dc72757d5f3a91ff
https://conda.anaconda.org/conda-forge/noarch/pylev-1.4.0-pyhd8ed1ab_0.tar.bz2#edf8651c4379d9d1495ad6229622d150
https://conda.anaconda.org/conda-forge/noarch/pyparsing-2.4.7-pyhd8ed1ab_1.tar.bz2#49cdb8bb03aab9dd1e9e1b30ee2e970c
https://conda.anaconda.org/conda-forge/linux-aarch64/python_abi-3.9-2_cp39.tar.bz2#c74e493d773fa544a312b0904abcfbfb
https://conda.anaconda.org/conda-forge/noarch/shellingham-1.4.0-pyh44b312d_0.tar.bz2#437655338696f9d0dfdb0a024e66b255
https://conda.anaconda.org/conda-forge/noarch/six-1.16.0-pyh6c4a22f_0.tar.bz2#e5f25f8dbc060e9a8d912e432202afc2
https://conda.anaconda.org/conda-forge/noarch/typing-3.10.0.0-pyhd8ed1ab_0.tar.bz2#e6573ac68718f17b9d4f5c8eda3190f2
https://conda.anaconda.org/conda-forge/noarch/webencodings-0.5.1-py_1.tar.bz2#3563be4c5611a44210d9ba0c16113136
https://conda.anaconda.org/conda-forge/noarch/wheel-0.37.1-pyhd8ed1ab_0.tar.bz2#1ca02aaf78d9c70d9a81a3bed5752022
https://conda.anaconda.org/conda-forge/noarch/zipp-3.7.0-pyhd8ed1ab_0.tar.bz2#947f7f41958eabc0f6e886557512bb76
https://conda.anaconda.org/conda-forge/linux-aarch64/certifi-2021.10.8-py39ha65689a_1.tar.bz2#86a5e95d84499b2ee10c535da732b188
https://conda.anaconda.org/conda-forge/linux-aarch64/cffi-1.15.0-py39hab139ec_0.tar.bz2#e19fa26ceac3f4b0e0f11e4d65b41416
https://conda.anaconda.org/conda-forge/noarch/clikit-0.6.2-pyh9f0ad1d_0.tar.bz2#159273f717a11e53b2656f8b6521a5e2
https://conda.anaconda.org/conda-forge/noarch/html5lib-1.1-pyh9f0ad1d_0.tar.bz2#b2355343d6315c892543200231d7154a
https://conda.anaconda.org/conda-forge/linux-aarch64/importlib-metadata-4.10.1-py39ha65689a_0.tar.bz2#28cfdcc9502037c708187f0b5e2a5999
https://conda.anaconda.org/conda-forge/linux-aarch64/msgpack-python-1.0.3-py39hb300cb6_0.tar.bz2#14384ad317368238fa1df5b2d903da78
https://conda.anaconda.org/conda-forge/noarch/packaging-20.9-pyh44b312d_0.tar.bz2#be69a38e912054a62dc82cc3c7711a64
https://conda.anaconda.org/conda-forge/noarch/pexpect-4.8.0-pyh9f0ad1d_2.tar.bz2#5909e7b978141dd80d28dbf9de627827
https://conda.anaconda.org/conda-forge/linux-aarch64/pyrsistent-0.14.11-py39h14843e3_2.tar.bz2#d5ac99187bc56301f8c318547aa2c22b
https://conda.anaconda.org/conda-forge/linux-aarch64/pysocks-1.7.1-py39ha65689a_4.tar.bz2#3b59004ab4fd8110e4349a630afc4b17
https://conda.anaconda.org/conda-forge/linux-aarch64/setuptools-60.5.0-py39ha65689a_0.tar.bz2#a9f33595834a10b04d165172999dd59d
https://conda.anaconda.org/conda-forge/noarch/tomlkit-0.8.0-pyha770c72_0.tar.bz2#3a38c81fc51f9d709e06719b7376e5f9
https://conda.anaconda.org/conda-forge/linux-aarch64/virtualenv-20.4.7-py39ha65689a_1.tar.bz2#051323f5e68c626d3f89ee888a64285f
https://conda.anaconda.org/conda-forge/linux-aarch64/brotlipy-0.7.0-py39h14843e3_1003.tar.bz2#3a33e442189583f64b9c7c9cf0795236
https://conda.anaconda.org/conda-forge/noarch/cleo-0.8.1-pyhd8ed1ab_2.tar.bz2#4c82b11a3d06031bd58e7d869f53d965
https://conda.anaconda.org/conda-forge/linux-aarch64/cryptography-36.0.1-py39h659f20f_0.tar.bz2#daf5807253bed814672337a6a9f628b5
https://conda.anaconda.org/conda-forge/noarch/jsonschema-3.2.0-pyhd8ed1ab_3.tar.bz2#66125e28711d8ffc04a207a2b170316d
https://conda.anaconda.org/conda-forge/noarch/pip-21.3.1-pyhd8ed1ab_0.tar.bz2#e4fe2a9af78ff11f1aced7e62128c6a8
https://conda.anaconda.org/conda-forge/noarch/pyopenssl-21.0.0-pyhd8ed1ab_0.tar.bz2#8c49efecb7dca466e18b06015e8c88ce
https://conda.anaconda.org/conda-forge/linux-aarch64/secretstorage-3.3.1-py39ha65689a_1.tar.bz2#40793d7a7afa2452d81f53adf1906eb9
https://conda.anaconda.org/conda-forge/linux-aarch64/keyring-21.2.1-py39ha65689a_1.tar.bz2#64637d8949c5f8d602c1522517196401
https://conda.anaconda.org/conda-forge/noarch/urllib3-1.26.8-pyhd8ed1ab_1.tar.bz2#53f1387c68c21cecb386e2cde51b3f7c
https://conda.anaconda.org/conda-forge/noarch/requests-2.27.1-pyhd8ed1ab_0.tar.bz2#7c1c427246b057b8fa97200ecdb2ed62
https://conda.anaconda.org/conda-forge/noarch/cachecontrol-0.12.10-pyhd8ed1ab_0.tar.bz2#db145c90f18ed56d798492b1de1a774b
https://conda.anaconda.org/conda-forge/noarch/requests-toolbelt-0.9.1-py_0.tar.bz2#402668adee8fcba9a9c265cdc2a88f5a
