# Generated by conda-lock.
# platform: osx-64
# input_hash: d076433f5812a227106780da7c2efc155b481724df3e34ab04a64f7e008d99ac
@EXPLICIT
https://conda.anaconda.org/conda-forge/osx-64/ca-certificates-2021.10.8-h033912b_0.tar.bz2#bb82d0243db9882b509702ecb69e38f0
https://conda.anaconda.org/conda-forge/osx-64/libcxx-12.0.1-habf9029_1.tar.bz2#444dfb8ed0bf2a8864f73eb6436b29e0
https://conda.anaconda.org/conda-forge/osx-64/libffi-3.4.2-h0d85af4_5.tar.bz2#ccb34fb14960ad8b125962d3d79b31a9
https://conda.anaconda.org/conda-forge/osx-64/libzlib-1.2.11-h9173be1_1013.tar.bz2#a3a6a53beaa92c5cfe52ee3a198e78cc
https://conda.anaconda.org/conda-forge/osx-64/ncurses-6.2-h2e338ed_4.tar.bz2#9cef1910395d1543527583e73dba30f1
https://conda.anaconda.org/conda-forge/noarch/tzdata-2021e-he74cb21_0.tar.bz2#a751ec502589ebdc2eceb183ff602569
https://conda.anaconda.org/conda-forge/osx-64/xz-5.2.5-haf1e3a3_1.tar.bz2#41116deb499e9bc58048c297d6403ce6
https://conda.anaconda.org/conda-forge/osx-64/openssl-1.1.1l-h0d85af4_0.tar.bz2#f7bcdbb7a5dae97030eee20b884b1f8a
https://conda.anaconda.org/conda-forge/osx-64/readline-8.1-h05e3726_0.tar.bz2#2832e9b6a7caa7cb192fcda6cfcd8871
https://conda.anaconda.org/conda-forge/osx-64/zlib-1.2.11-h9173be1_1013.tar.bz2#cf985617d679990418c380099620b01a
https://conda.anaconda.org/conda-forge/osx-64/sqlite-3.37.0-h23a322b_0.tar.bz2#68f13bbe00ac288ffc1c1b868bc4da23
https://conda.anaconda.org/conda-forge/osx-64/tk-8.6.11-h5dbffcc_1.tar.bz2#e35b11155bd70facee39dfdec7368ad0
https://conda.anaconda.org/conda-forge/osx-64/python-3.9.7-h1248fe1_3_cpython.tar.bz2#dccba020ae27c945e61df410a779ec18
https://conda.anaconda.org/conda-forge/noarch/appdirs-1.4.4-pyh9f0ad1d_0.tar.bz2#5f095bc6454094e96f146491fd03633b
https://conda.anaconda.org/conda-forge/noarch/attrs-21.4.0-pyhd8ed1ab_0.tar.bz2#f70280205d7044c8b8358c8de3190e5d
https://conda.anaconda.org/conda-forge/noarch/cachy-0.3.0-py_0.tar.bz2#808c46dc56ae4a796830129aaf1b51ec
https://conda.anaconda.org/conda-forge/noarch/charset-normalizer-2.0.9-pyhd8ed1ab_0.tar.bz2#a57a3f6f2b0a7400e340f850c405df19
https://conda.anaconda.org/conda-forge/noarch/crashtest-0.3.0-py_0.tar.bz2#156649e34f14a76113312d5bcab3dd6c
https://conda.anaconda.org/conda-forge/noarch/distlib-0.3.4-pyhd8ed1ab_0.tar.bz2#7b50d840543d9cdae100e91582c33035
https://conda.anaconda.org/conda-forge/noarch/filelock-3.4.2-pyhd8ed1ab_0.tar.bz2#d05900c9b0ef4c3d1cef2e8a5c49350e
https://conda.anaconda.org/conda-forge/noarch/idna-3.1-pyhd3deb0d_0.tar.bz2#9c9aea4b8391264477df484f798562d0
https://conda.anaconda.org/conda-forge/noarch/lockfile-0.12.2-py_1.tar.bz2#c104d98e09c47519950cffb8dd5b4f10
https://conda.anaconda.org/conda-forge/noarch/pastel-0.2.1-pyhd8ed1ab_0.tar.bz2#a4eea5bff523f26442405bc5d1f52adb
https://conda.anaconda.org/conda-forge/noarch/pkginfo-1.8.2-pyhd8ed1ab_0.tar.bz2#c776a1cd5745674c28c20a5498cafa89
https://conda.anaconda.org/conda-forge/noarch/ptyprocess-0.7.0-pyhd3deb0d_0.tar.bz2#359eeb6536da0e687af562ed265ec263
https://conda.anaconda.org/conda-forge/noarch/pycparser-2.21-pyhd8ed1ab_0.tar.bz2#076becd9e05608f8dc72757d5f3a91ff
https://conda.anaconda.org/conda-forge/noarch/pylev-1.4.0-pyhd8ed1ab_0.tar.bz2#edf8651c4379d9d1495ad6229622d150
https://conda.anaconda.org/conda-forge/noarch/pyparsing-2.4.7-pyhd8ed1ab_1.tar.bz2#49cdb8bb03aab9dd1e9e1b30ee2e970c
https://conda.anaconda.org/conda-forge/osx-64/python_abi-3.9-2_cp39.tar.bz2#262f557ee8ca777fe2190956038024cd
https://conda.anaconda.org/conda-forge/noarch/shellingham-1.4.0-pyh44b312d_0.tar.bz2#437655338696f9d0dfdb0a024e66b255
https://conda.anaconda.org/conda-forge/noarch/six-1.16.0-pyh6c4a22f_0.tar.bz2#e5f25f8dbc060e9a8d912e432202afc2
https://conda.anaconda.org/conda-forge/noarch/typing-3.10.0.0-pyhd8ed1ab_0.tar.bz2#e6573ac68718f17b9d4f5c8eda3190f2
https://conda.anaconda.org/conda-forge/noarch/webencodings-0.5.1-py_1.tar.bz2#3563be4c5611a44210d9ba0c16113136
https://conda.anaconda.org/conda-forge/noarch/wheel-0.37.1-pyhd8ed1ab_0.tar.bz2#1ca02aaf78d9c70d9a81a3bed5752022
https://conda.anaconda.org/conda-forge/noarch/zipp-3.6.0-pyhd8ed1ab_0.tar.bz2#855e2c4622f5eb50a4f6f7167b9ba17a
https://conda.anaconda.org/conda-forge/osx-64/certifi-2021.10.8-py39h6e9494a_1.tar.bz2#92d08816d4b2e58a34a57013e3a636f0
https://conda.anaconda.org/conda-forge/osx-64/cffi-1.15.0-py39he338e87_0.tar.bz2#eb43d870c7a57ac917962fbb68455677
https://conda.anaconda.org/conda-forge/noarch/clikit-0.6.2-pyh9f0ad1d_0.tar.bz2#159273f717a11e53b2656f8b6521a5e2
https://conda.anaconda.org/conda-forge/noarch/html5lib-1.1-pyh9f0ad1d_0.tar.bz2#b2355343d6315c892543200231d7154a
https://conda.anaconda.org/conda-forge/noarch/importlib-metadata-1.7.0-pyhd8ed1ab_1.tar.bz2#19187069400a0f15d43de319fd56c6f0
https://conda.anaconda.org/conda-forge/osx-64/keyring-21.2.1-py39h6e9494a_2.tar.bz2#51d2f108837ecba015fdc991585346c7
https://conda.anaconda.org/conda-forge/osx-64/msgpack-python-1.0.3-py39hf018cea_0.tar.bz2#7db1c9645e64913f4d913123c4becaaf
https://conda.anaconda.org/conda-forge/noarch/packaging-20.9-pyh44b312d_0.tar.bz2#be69a38e912054a62dc82cc3c7711a64
https://conda.anaconda.org/conda-forge/noarch/pexpect-4.8.0-pyh9f0ad1d_2.tar.bz2#5909e7b978141dd80d28dbf9de627827
https://conda.anaconda.org/conda-forge/osx-64/pyrsistent-0.14.11-py39hcbf5805_2.tar.bz2#1ce032aab9be34b2c1732a0cb23724d9
https://conda.anaconda.org/conda-forge/osx-64/pysocks-1.7.1-py39h6e9494a_4.tar.bz2#ffb5b848146817cc09272badc2d00880
https://conda.anaconda.org/conda-forge/osx-64/setuptools-60.2.0-py39h6e9494a_0.tar.bz2#f21664aa05835b1b325ca725dacaa727
https://conda.anaconda.org/conda-forge/noarch/tomlkit-0.8.0-pyha770c72_0.tar.bz2#3a38c81fc51f9d709e06719b7376e5f9
https://conda.anaconda.org/conda-forge/osx-64/virtualenv-20.4.7-py39h6e9494a_1.tar.bz2#681a6e92cb0b7becefd39c2c5891cace
https://conda.anaconda.org/conda-forge/osx-64/brotlipy-0.7.0-py39h89e85a6_1003.tar.bz2#318f80caf8cf6816f2dd7b7ee001322d
https://conda.anaconda.org/conda-forge/noarch/cleo-0.8.1-pyhd8ed1ab_2.tar.bz2#4c82b11a3d06031bd58e7d869f53d965
https://conda.anaconda.org/conda-forge/osx-64/cryptography-36.0.1-py39h209aa08_0.tar.bz2#ca8fa372f4f6104e41ca4028dca9458a
https://conda.anaconda.org/conda-forge/noarch/importlib_metadata-1.7.0-hd8ed1ab_1.tar.bz2#8f68ed6ab2dbae9dd1558b71ec62201d
https://conda.anaconda.org/conda-forge/noarch/jsonschema-3.2.0-pyhd8ed1ab_3.tar.bz2#66125e28711d8ffc04a207a2b170316d
https://conda.anaconda.org/conda-forge/noarch/pip-21.3.1-pyhd8ed1ab_0.tar.bz2#e4fe2a9af78ff11f1aced7e62128c6a8
https://conda.anaconda.org/conda-forge/noarch/pyopenssl-21.0.0-pyhd8ed1ab_0.tar.bz2#8c49efecb7dca466e18b06015e8c88ce
https://conda.anaconda.org/conda-forge/noarch/urllib3-1.26.7-pyhd8ed1ab_0.tar.bz2#be75bab4820a56f77ba1a3fc9139c36a
https://conda.anaconda.org/conda-forge/noarch/requests-2.26.0-pyhd8ed1ab_1.tar.bz2#358581cc782802270d77c454c73a811a
https://conda.anaconda.org/conda-forge/noarch/cachecontrol-0.12.10-pyhd8ed1ab_0.tar.bz2#db145c90f18ed56d798492b1de1a774b
https://conda.anaconda.org/conda-forge/noarch/requests-toolbelt-0.9.1-py_0.tar.bz2#402668adee8fcba9a9c265cdc2a88f5a
