# Generated by conda-lock.
# platform: linux-64
# input_hash: 287ab0877040a903fc7620c00966e9298b83a86acaa057e96d4da5f17c88623c
@EXPLICIT
https://conda.anaconda.org/conda-forge/linux-64/_libgcc_mutex-0.1-conda_forge.tar.bz2#d7c89558ba9fa0495403155b64376d81
https://conda.anaconda.org/conda-forge/linux-64/ca-certificates-2021.10.8-ha878542_0.tar.bz2#575611b8a84f45960e87722eeb51fa26
https://conda.anaconda.org/conda-forge/linux-64/ld_impl_linux-64-2.36.1-hea4e1c9_2.tar.bz2#bd4f2e711b39af170e7ff15163fe87ee
https://conda.anaconda.org/conda-forge/linux-64/libstdcxx-ng-11.2.0-he4da1e4_11.tar.bz2#0bf83958e788f1e75ba26154cb702afe
https://conda.anaconda.org/conda-forge/noarch/tzdata-2021e-he74cb21_0.tar.bz2#a751ec502589ebdc2eceb183ff602569
https://conda.anaconda.org/conda-forge/linux-64/libgomp-11.2.0-h1d223b6_11.tar.bz2#1d16527c76842bf9c41e9399d39d8097
https://conda.anaconda.org/conda-forge/linux-64/_openmp_mutex-4.5-1_gnu.tar.bz2#561e277319a41d4f24f5c05a9ef63c04
https://conda.anaconda.org/conda-forge/linux-64/libgcc-ng-11.2.0-h1d223b6_11.tar.bz2#e3495f4f93cfd6b68021cbe2b5844cd5
https://conda.anaconda.org/conda-forge/linux-64/expat-2.4.2-h9c3ff4c_0.tar.bz2#0fb039650fa638f258fdc9e9ef125f52
https://conda.anaconda.org/conda-forge/linux-64/libffi-3.4.2-h7f98852_5.tar.bz2#d645c6d2ac96843a2bfaccd2d62b3ac3
https://conda.anaconda.org/conda-forge/linux-64/libiconv-1.16-h516909a_0.tar.bz2#5c0f338a513a2943c659ae619fca9211
https://conda.anaconda.org/conda-forge/linux-64/libzlib-1.2.11-h36c2ea0_1013.tar.bz2#dcddf696ff5dfcab567100d691678e18
https://conda.anaconda.org/conda-forge/linux-64/ncurses-6.2-h58526e2_4.tar.bz2#509f2a21c4a09214cd737a480dfd80c9
https://conda.anaconda.org/conda-forge/linux-64/openssl-1.1.1l-h7f98852_0.tar.bz2#de7b38a1542dbe6f41653a8ae71adc53
https://conda.anaconda.org/conda-forge/linux-64/pcre-8.45-h9c3ff4c_0.tar.bz2#c05d1820a6d34ff07aaaab7a9b7eddaa
https://conda.anaconda.org/conda-forge/linux-64/xz-5.2.5-h516909a_1.tar.bz2#33f601066901f3e1a85af3522a8113f9
https://conda.anaconda.org/conda-forge/linux-64/gettext-0.19.8.1-h73d1719_1008.tar.bz2#af49250eca8e139378f8ff0ae9e57251
https://conda.anaconda.org/conda-forge/linux-64/readline-8.1-h46c0cb4_0.tar.bz2#5788de3c8d7a7d64ac56c784c4ef48e6
https://conda.anaconda.org/conda-forge/linux-64/zlib-1.2.11-h36c2ea0_1013.tar.bz2#cf7190238072a41e9579e4476a6a60b8
https://conda.anaconda.org/conda-forge/linux-64/libglib-2.70.2-h174f98d_1.tar.bz2#d03a54631298fd1ab732ff65f6ed3a07
https://conda.anaconda.org/conda-forge/linux-64/sqlite-3.37.0-h9cd32fc_0.tar.bz2#eb66fc098824d25518a79e83d12a81d6
https://conda.anaconda.org/conda-forge/linux-64/tk-8.6.11-h27826a3_1.tar.bz2#84e76fb280e735fec1efd2d21fd9cb27
https://conda.anaconda.org/conda-forge/linux-64/dbus-1.13.6-h5008d03_3.tar.bz2#ecfff944ba3960ecb334b9a2663d708d
https://conda.anaconda.org/conda-forge/linux-64/python-3.9.7-hb7a2778_3_cpython.tar.bz2#ab54b978f6f24c485d22a80de0f66bf8
https://conda.anaconda.org/conda-forge/noarch/appdirs-1.4.4-pyh9f0ad1d_0.tar.bz2#5f095bc6454094e96f146491fd03633b
https://conda.anaconda.org/conda-forge/noarch/attrs-21.4.0-pyhd8ed1ab_0.tar.bz2#f70280205d7044c8b8358c8de3190e5d
https://conda.anaconda.org/conda-forge/noarch/cachy-0.3.0-py_0.tar.bz2#808c46dc56ae4a796830129aaf1b51ec
https://conda.anaconda.org/conda-forge/noarch/charset-normalizer-2.0.9-pyhd8ed1ab_0.tar.bz2#a57a3f6f2b0a7400e340f850c405df19
https://conda.anaconda.org/conda-forge/noarch/crashtest-0.3.0-py_0.tar.bz2#156649e34f14a76113312d5bcab3dd6c
https://conda.anaconda.org/conda-forge/noarch/distlib-0.3.4-pyhd8ed1ab_0.tar.bz2#7b50d840543d9cdae100e91582c33035
https://conda.anaconda.org/conda-forge/noarch/filelock-3.4.2-pyhd8ed1ab_0.tar.bz2#d05900c9b0ef4c3d1cef2e8a5c49350e
https://conda.anaconda.org/conda-forge/noarch/idna-3.1-pyhd3deb0d_0.tar.bz2#9c9aea4b8391264477df484f798562d0
https://conda.anaconda.org/conda-forge/noarch/jeepney-0.7.1-pyhd8ed1ab_0.tar.bz2#45f08d18f76b2c6ccefbccb0d5708b4a
https://conda.anaconda.org/conda-forge/noarch/lockfile-0.12.2-py_1.tar.bz2#c104d98e09c47519950cffb8dd5b4f10
https://conda.anaconda.org/conda-forge/noarch/pastel-0.2.1-pyhd8ed1ab_0.tar.bz2#a4eea5bff523f26442405bc5d1f52adb
https://conda.anaconda.org/conda-forge/noarch/pkginfo-1.8.2-pyhd8ed1ab_0.tar.bz2#c776a1cd5745674c28c20a5498cafa89
https://conda.anaconda.org/conda-forge/noarch/ptyprocess-0.7.0-pyhd3deb0d_0.tar.bz2#359eeb6536da0e687af562ed265ec263
https://conda.anaconda.org/conda-forge/noarch/pycparser-2.21-pyhd8ed1ab_0.tar.bz2#076becd9e05608f8dc72757d5f3a91ff
https://conda.anaconda.org/conda-forge/noarch/pylev-1.4.0-pyhd8ed1ab_0.tar.bz2#edf8651c4379d9d1495ad6229622d150
https://conda.anaconda.org/conda-forge/noarch/pyparsing-2.4.7-pyhd8ed1ab_1.tar.bz2#49cdb8bb03aab9dd1e9e1b30ee2e970c
https://conda.anaconda.org/conda-forge/linux-64/python_abi-3.9-2_cp39.tar.bz2#39adde4247484de2bb4000122fdcf665
https://conda.anaconda.org/conda-forge/noarch/shellingham-1.4.0-pyh44b312d_0.tar.bz2#437655338696f9d0dfdb0a024e66b255
https://conda.anaconda.org/conda-forge/noarch/six-1.16.0-pyh6c4a22f_0.tar.bz2#e5f25f8dbc060e9a8d912e432202afc2
https://conda.anaconda.org/conda-forge/noarch/typing-3.10.0.0-pyhd8ed1ab_0.tar.bz2#e6573ac68718f17b9d4f5c8eda3190f2
https://conda.anaconda.org/conda-forge/noarch/webencodings-0.5.1-py_1.tar.bz2#3563be4c5611a44210d9ba0c16113136
https://conda.anaconda.org/conda-forge/noarch/wheel-0.37.1-pyhd8ed1ab_0.tar.bz2#1ca02aaf78d9c70d9a81a3bed5752022
https://conda.anaconda.org/conda-forge/noarch/zipp-3.6.0-pyhd8ed1ab_0.tar.bz2#855e2c4622f5eb50a4f6f7167b9ba17a
https://conda.anaconda.org/conda-forge/linux-64/certifi-2021.10.8-py39hf3d152e_1.tar.bz2#67982d98030fde9139a64219dbe4db5e
https://conda.anaconda.org/conda-forge/linux-64/cffi-1.15.0-py39h4bc2ebd_0.tar.bz2#f6191bf565dee581e77549d63737751c
https://conda.anaconda.org/conda-forge/noarch/clikit-0.6.2-pyh9f0ad1d_0.tar.bz2#159273f717a11e53b2656f8b6521a5e2
https://conda.anaconda.org/conda-forge/noarch/html5lib-1.1-pyh9f0ad1d_0.tar.bz2#b2355343d6315c892543200231d7154a
https://conda.anaconda.org/conda-forge/noarch/importlib-metadata-1.7.0-pyhd8ed1ab_1.tar.bz2#19187069400a0f15d43de319fd56c6f0
https://conda.anaconda.org/conda-forge/linux-64/msgpack-python-1.0.3-py39h1a9c180_0.tar.bz2#dcf9a3380163f6d2680bb7fa452fd0c9
https://conda.anaconda.org/conda-forge/noarch/packaging-20.9-pyh44b312d_0.tar.bz2#be69a38e912054a62dc82cc3c7711a64
https://conda.anaconda.org/conda-forge/noarch/pexpect-4.8.0-pyh9f0ad1d_2.tar.bz2#5909e7b978141dd80d28dbf9de627827
https://conda.anaconda.org/conda-forge/linux-64/pyrsistent-0.14.11-py39h3811e60_2.tar.bz2#d29e964f79e337ad6ab3f182176eeacf
https://conda.anaconda.org/conda-forge/linux-64/pysocks-1.7.1-py39hf3d152e_4.tar.bz2#eed9d381f391cad4e96f697e8c74e929
https://conda.anaconda.org/conda-forge/linux-64/setuptools-60.2.0-py39hf3d152e_0.tar.bz2#b751fb1f28a49b9ced5479206c25d32c
https://conda.anaconda.org/conda-forge/noarch/tomlkit-0.8.0-pyha770c72_0.tar.bz2#3a38c81fc51f9d709e06719b7376e5f9
https://conda.anaconda.org/conda-forge/linux-64/virtualenv-20.4.7-py39hf3d152e_1.tar.bz2#9578d2f162cb7ee75a20e2f98b8b747d
https://conda.anaconda.org/conda-forge/linux-64/brotlipy-0.7.0-py39h3811e60_1003.tar.bz2#9b1975f772d5d8a398c34e539a7ea1a1
https://conda.anaconda.org/conda-forge/noarch/cleo-0.8.1-pyhd8ed1ab_2.tar.bz2#4c82b11a3d06031bd58e7d869f53d965
https://conda.anaconda.org/conda-forge/linux-64/cryptography-36.0.1-py39h95dcef6_0.tar.bz2#986821383dd9622121c1a0b8a745b1e2
https://conda.anaconda.org/conda-forge/noarch/importlib_metadata-1.7.0-hd8ed1ab_1.tar.bz2#8f68ed6ab2dbae9dd1558b71ec62201d
https://conda.anaconda.org/conda-forge/noarch/jsonschema-3.2.0-pyhd8ed1ab_3.tar.bz2#66125e28711d8ffc04a207a2b170316d
https://conda.anaconda.org/conda-forge/noarch/pip-21.3.1-pyhd8ed1ab_0.tar.bz2#e4fe2a9af78ff11f1aced7e62128c6a8
https://conda.anaconda.org/conda-forge/noarch/pyopenssl-21.0.0-pyhd8ed1ab_0.tar.bz2#8c49efecb7dca466e18b06015e8c88ce
https://conda.anaconda.org/conda-forge/linux-64/secretstorage-3.3.1-py39hf3d152e_1.tar.bz2#17b06c575a8189dc2cc31aa48a3fad3f
https://conda.anaconda.org/conda-forge/linux-64/keyring-21.2.1-py39hf3d152e_2.tar.bz2#1b83f77f9d07baa5063de08dad1aa2d0
https://conda.anaconda.org/conda-forge/noarch/urllib3-1.26.7-pyhd8ed1ab_0.tar.bz2#be75bab4820a56f77ba1a3fc9139c36a
https://conda.anaconda.org/conda-forge/noarch/requests-2.26.0-pyhd8ed1ab_1.tar.bz2#358581cc782802270d77c454c73a811a
https://conda.anaconda.org/conda-forge/noarch/cachecontrol-0.12.10-pyhd8ed1ab_0.tar.bz2#db145c90f18ed56d798492b1de1a774b
https://conda.anaconda.org/conda-forge/noarch/requests-toolbelt-0.9.1-py_0.tar.bz2#402668adee8fcba9a9c265cdc2a88f5a
